// !$*UTF8*$!
{
	archiveVersion = 1;
	classes = {
	};
	objectVersion = 46;
	objects = {

/* Begin PBXBuildFile section */
		BD3D9FA41530F33A0025B9A3 /* logoWithText.png in Resources */ = {isa = PBXBuildFile; fileRef = BD3D9FA31530F33A0025B9A3 /* logoWithText.png */; };
		BD3D9FA61530F4010025B9A3 /* logoWithText_sm.png in Resources */ = {isa = PBXBuildFile; fileRef = BD3D9FA51530F4010025B9A3 /* logoWithText_sm.png */; };
		BD4F0EA41530D75E00573F67 /* UIKit.framework in Frameworks */ = {isa = PBXBuildFile; fileRef = BD4F0EA31530D75E00573F67 /* UIKit.framework */; };
		BD4F0EA61530D75E00573F67 /* Foundation.framework in Frameworks */ = {isa = PBXBuildFile; fileRef = BD4F0EA51530D75E00573F67 /* Foundation.framework */; };
		BD4F0EA81530D75E00573F67 /* CoreGraphics.framework in Frameworks */ = {isa = PBXBuildFile; fileRef = BD4F0EA71530D75E00573F67 /* CoreGraphics.framework */; };
		BD4F0EAE1530D75E00573F67 /* InfoPlist.strings in Resources */ = {isa = PBXBuildFile; fileRef = BD4F0EAC1530D75E00573F67 /* InfoPlist.strings */; };
		BD4F0EB01530D75E00573F67 /* main.m in Sources */ = {isa = PBXBuildFile; fileRef = BD4F0EAF1530D75E00573F67 /* main.m */; };
		BD4F0EB41530D75F00573F67 /* CBHAppDelegate.m in Sources */ = {isa = PBXBuildFile; fileRef = BD4F0EB31530D75F00573F67 /* CBHAppDelegate.m */; };
		BD4F0EB71530D75F00573F67 /* CBHViewController.m in Sources */ = {isa = PBXBuildFile; fileRef = BD4F0EB61530D75F00573F67 /* CBHViewController.m */; };
		BD4F0EBD1530D75F00573F67 /* CBHViewController_iPad.xib in Resources */ = {isa = PBXBuildFile; fileRef = BD4F0EBB1530D75F00573F67 /* CBHViewController_iPad.xib */; };
		BD79015B1545EDE2007B0065 /* songcell_bg_click.png in Resources */ = {isa = PBXBuildFile; fileRef = BD79015A1545EDE2007B0065 /* songcell_bg_click.png */; };
		BD79015F1545EF19007B0065 /* songcell.png in Resources */ = {isa = PBXBuildFile; fileRef = BD79015E1545EF19007B0065 /* songcell.png */; };
		BD79016115471993007B0065 /* expandedCell.png in Resources */ = {isa = PBXBuildFile; fileRef = BD79016015471993007B0065 /* expandedCell.png */; };
		BD79016815471C27007B0065 /* thumbs_down.png in Resources */ = {isa = PBXBuildFile; fileRef = BD79016615471C27007B0065 /* thumbs_down.png */; };
		BD79016915471C27007B0065 /* thumbs_up.png in Resources */ = {isa = PBXBuildFile; fileRef = BD79016715471C27007B0065 /* thumbs_up.png */; };
		BD79C6F8153DF045006A9C60 /* logoWithText_lg.png in Resources */ = {isa = PBXBuildFile; fileRef = BD79C6F7153DF045006A9C60 /* logoWithText_lg.png */; };
		BD79C70B153E102C006A9C60 /* CBHViewController_iPhone.xib in Resources */ = {isa = PBXBuildFile; fileRef = BD79C709153E102C006A9C60 /* CBHViewController_iPhone.xib */; };
		BD79C70D153E1E85006A9C60 /* filter.plist in Resources */ = {isa = PBXBuildFile; fileRef = BD79C70C153E1E85006A9C60 /* filter.plist */; };
		BD79C71F153F4083006A9C60 /* magnifying_glass.png in Resources */ = {isa = PBXBuildFile; fileRef = BD79C71E153F4083006A9C60 /* magnifying_glass.png */; };
		BD79C721153F4F92006A9C60 /* TODO in Resources */ = {isa = PBXBuildFile; fileRef = BD79C720153F4F92006A9C60 /* TODO */; };
		BD79C72F153F5EE3006A9C60 /* logo-57x57.png in Resources */ = {isa = PBXBuildFile; fileRef = BD79C72C153F5EE3006A9C60 /* logo-57x57.png */; };
		BD79C730153F5EE3006A9C60 /* logo-114x114.png in Resources */ = {isa = PBXBuildFile; fileRef = BD79C72D153F5EE3006A9C60 /* logo-114x114.png */; };
		BD79C731153F5EE3006A9C60 /* logo-512x512.png in Resources */ = {isa = PBXBuildFile; fileRef = BD79C72E153F5EE3006A9C60 /* logo-512x512.png */; };
		BD79C73415401DCD006A9C60 /* ExpandedSongCell.m in Sources */ = {isa = PBXBuildFile; fileRef = BD79C73315401DCC006A9C60 /* ExpandedSongCell.m */; };
		BD79C73615401EB9006A9C60 /* ExpandedSongCell.xib in Resources */ = {isa = PBXBuildFile; fileRef = BD79C73515401EB8006A9C60 /* ExpandedSongCell.xib */; };
		BDC55A1F153A762000F79B92 /* magnifying_glass_icon in Resources */ = {isa = PBXBuildFile; fileRef = BDC55A1E153A762000F79B92 /* magnifying_glass_icon */; };
		BDC55A21153A767500F79B92 /* magnifying_glass_18x18 in Resources */ = {isa = PBXBuildFile; fileRef = BDC55A20153A767500F79B92 /* magnifying_glass_18x18 */; };
		BDC55A29153B513F00F79B92 /* play-button.png in Resources */ = {isa = PBXBuildFile; fileRef = BDC55A28153B513F00F79B92 /* play-button.png */; };
		BDC55A2B153B528500F79B92 /* pause-button.png in Resources */ = {isa = PBXBuildFile; fileRef = BDC55A2A153B528500F79B92 /* pause-button.png */; };
		BDC55A2D153B53FE00F79B92 /* next_track.png in Resources */ = {isa = PBXBuildFile; fileRef = BDC55A2C153B53FE00F79B92 /* next_track.png */; };
		BDC55A2F153B555500F79B92 /* previous_track.png in Resources */ = {isa = PBXBuildFile; fileRef = BDC55A2E153B555500F79B92 /* previous_track.png */; };
		BDC55A31153B73D600F79B92 /* tablecellbg.png in Resources */ = {isa = PBXBuildFile; fileRef = BDC55A30153B73D600F79B92 /* tablecellbg.png */; };
		BDC55A33153B8BF400F79B92 /* tablecellbg_click.png in Resources */ = {isa = PBXBuildFile; fileRef = BDC55A32153B8BF400F79B92 /* tablecellbg_click.png */; };
		BDC55A36153CA26B00F79B92 /* YoutubeView.m in Sources */ = {isa = PBXBuildFile; fileRef = BDC55A35153CA26B00F79B92 /* YoutubeView.m */; };
		BDD9462115487D6300C53EFD /* rankings_title_bg.png in Resources */ = {isa = PBXBuildFile; fileRef = BDD9462015487D6300C53EFD /* rankings_title_bg.png */; };
		BDD9462315487F0D00C53EFD /* header_with_logo2.png in Resources */ = {isa = PBXBuildFile; fileRef = BDD9462215487F0D00C53EFD /* header_with_logo2.png */; };
		BDD946271548822700C53EFD /* songcell_bg3.png in Resources */ = {isa = PBXBuildFile; fileRef = BDD946261548822700C53EFD /* songcell_bg3.png */; };
		BDD946291548827C00C53EFD /* songcell_bg3_click.png in Resources */ = {isa = PBXBuildFile; fileRef = BDD946281548827C00C53EFD /* songcell_bg3_click.png */; };
		BDD9462E154883E900C53EFD /* songcell_bg4_click.png in Resources */ = {isa = PBXBuildFile; fileRef = BDD9462A154883E900C53EFD /* songcell_bg4_click.png */; };
		BDD9462F154883E900C53EFD /* songcell_bg4.png in Resources */ = {isa = PBXBuildFile; fileRef = BDD9462B154883E900C53EFD /* songcell_bg4.png */; };
		BDD94630154883E900C53EFD /* songcell_bg5_click.png in Resources */ = {isa = PBXBuildFile; fileRef = BDD9462C154883E900C53EFD /* songcell_bg5_click.png */; };
		BDD94631154883E900C53EFD /* songcell_bg5.png in Resources */ = {isa = PBXBuildFile; fileRef = BDD9462D154883E900C53EFD /* songcell_bg5.png */; };
		BDD9463715488A2000C53EFD /* expandedcell_bg.png in Resources */ = {isa = PBXBuildFile; fileRef = BDD9463615488A2000C53EFD /* expandedcell_bg.png */; };
		BDD946391548961400C53EFD /* twitter_logo.png in Resources */ = {isa = PBXBuildFile; fileRef = BDD946381548961400C53EFD /* twitter_logo.png */; };
		BDD9463B154896D100C53EFD /* facebook_logo.png in Resources */ = {isa = PBXBuildFile; fileRef = BDD9463A154896D100C53EFD /* facebook_logo.png */; };
		BDE668861531028D0013CBFA /* Song.m in Sources */ = {isa = PBXBuildFile; fileRef = BDE668851531028D0013CBFA /* Song.m */; };
		BDE66893153147420013CBFA /* CFNetwork.framework in Frameworks */ = {isa = PBXBuildFile; fileRef = BDE66892153147420013CBFA /* CFNetwork.framework */; };
		BDE66895153147530013CBFA /* SystemConfiguration.framework in Frameworks */ = {isa = PBXBuildFile; fileRef = BDE66894153147530013CBFA /* SystemConfiguration.framework */; };
		BDE66897153147680013CBFA /* MobileCoreServices.framework in Frameworks */ = {isa = PBXBuildFile; fileRef = BDE66896153147680013CBFA /* MobileCoreServices.framework */; };
		BDE66899153147820013CBFA /* libz.dylib in Frameworks */ = {isa = PBXBuildFile; fileRef = BDE66898153147820013CBFA /* libz.dylib */; };
		BDE668A515324D070013CBFA /* SongCell.xib in Resources */ = {isa = PBXBuildFile; fileRef = BDE668A415324D070013CBFA /* SongCell.xib */; };
		BDE668A815324FF20013CBFA /* SongCell.m in Sources */ = {isa = PBXBuildFile; fileRef = BDE668A715324FF20013CBFA /* SongCell.m */; };
		BDE668C3153A035C0013CBFA /* NSObject+SBJson.m in Sources */ = {isa = PBXBuildFile; fileRef = BDE668AB153A035C0013CBFA /* NSObject+SBJson.m */; };
		BDE668C4153A035C0013CBFA /* SBJsonParser.m in Sources */ = {isa = PBXBuildFile; fileRef = BDE668AE153A035C0013CBFA /* SBJsonParser.m */; };
		BDE668C5153A035C0013CBFA /* SBJsonStreamParser.m in Sources */ = {isa = PBXBuildFile; fileRef = BDE668B0153A035C0013CBFA /* SBJsonStreamParser.m */; };
		BDE668C6153A035C0013CBFA /* SBJsonStreamParserAccumulator.m in Sources */ = {isa = PBXBuildFile; fileRef = BDE668B2153A035C0013CBFA /* SBJsonStreamParserAccumulator.m */; };
		BDE668C7153A035C0013CBFA /* SBJsonStreamParserAdapter.m in Sources */ = {isa = PBXBuildFile; fileRef = BDE668B4153A035C0013CBFA /* SBJsonStreamParserAdapter.m */; };
		BDE668C8153A035C0013CBFA /* SBJsonStreamParserState.m in Sources */ = {isa = PBXBuildFile; fileRef = BDE668B6153A035C0013CBFA /* SBJsonStreamParserState.m */; };
		BDE668C9153A035C0013CBFA /* SBJsonStreamWriter.m in Sources */ = {isa = PBXBuildFile; fileRef = BDE668B8153A035C0013CBFA /* SBJsonStreamWriter.m */; };
		BDE668CA153A035C0013CBFA /* SBJsonStreamWriterAccumulator.m in Sources */ = {isa = PBXBuildFile; fileRef = BDE668BA153A035C0013CBFA /* SBJsonStreamWriterAccumulator.m */; };
		BDE668CB153A035C0013CBFA /* SBJsonStreamWriterState.m in Sources */ = {isa = PBXBuildFile; fileRef = BDE668BC153A035C0013CBFA /* SBJsonStreamWriterState.m */; };
		BDE668CC153A035C0013CBFA /* SBJsonTokeniser.m in Sources */ = {isa = PBXBuildFile; fileRef = BDE668BE153A035C0013CBFA /* SBJsonTokeniser.m */; };
		BDE668CD153A035C0013CBFA /* SBJsonUTF8Stream.m in Sources */ = {isa = PBXBuildFile; fileRef = BDE668C0153A035C0013CBFA /* SBJsonUTF8Stream.m */; };
		BDE668CE153A035C0013CBFA /* SBJsonWriter.m in Sources */ = {isa = PBXBuildFile; fileRef = BDE668C2153A035C0013CBFA /* SBJsonWriter.m */; };
/* End PBXBuildFile section */

/* Begin PBXFileReference section */
		BD3D9FA31530F33A0025B9A3 /* logoWithText.png */ = {isa = PBXFileReference; lastKnownFileType = image.png; name = logoWithText.png; path = "../../t3kno-iPhone-App/t3kno/t3kno/logoWithText.png"; sourceTree = "<group>"; };
		BD3D9FA51530F4010025B9A3 /* logoWithText_sm.png */ = {isa = PBXFileReference; lastKnownFileType = image.png; name = logoWithText_sm.png; path = "../../t3kno-iPhone-App/t3kno/t3kno/logoWithText_sm.png"; sourceTree = "<group>"; };
		BD4F0E9F1530D75E00573F67 /* t3kno.app */ = {isa = PBXFileReference; explicitFileType = wrapper.application; includeInIndex = 0; path = t3kno.app; sourceTree = BUILT_PRODUCTS_DIR; };
		BD4F0EA31530D75E00573F67 /* UIKit.framework */ = {isa = PBXFileReference; lastKnownFileType = wrapper.framework; name = UIKit.framework; path = System/Library/Frameworks/UIKit.framework; sourceTree = SDKROOT; };
		BD4F0EA51530D75E00573F67 /* Foundation.framework */ = {isa = PBXFileReference; lastKnownFileType = wrapper.framework; name = Foundation.framework; path = System/Library/Frameworks/Foundation.framework; sourceTree = SDKROOT; };
		BD4F0EA71530D75E00573F67 /* CoreGraphics.framework */ = {isa = PBXFileReference; lastKnownFileType = wrapper.framework; name = CoreGraphics.framework; path = System/Library/Frameworks/CoreGraphics.framework; sourceTree = SDKROOT; };
		BD4F0EAB1530D75E00573F67 /* t3kno-Info.plist */ = {isa = PBXFileReference; lastKnownFileType = text.plist.xml; path = "t3kno-Info.plist"; sourceTree = "<group>"; };
		BD4F0EAD1530D75E00573F67 /* en */ = {isa = PBXFileReference; lastKnownFileType = text.plist.strings; name = en; path = en.lproj/InfoPlist.strings; sourceTree = "<group>"; };
		BD4F0EAF1530D75E00573F67 /* main.m */ = {isa = PBXFileReference; lastKnownFileType = sourcecode.c.objc; path = main.m; sourceTree = "<group>"; };
		BD4F0EB11530D75F00573F67 /* t3kno-Prefix.pch */ = {isa = PBXFileReference; lastKnownFileType = sourcecode.c.h; path = "t3kno-Prefix.pch"; sourceTree = "<group>"; };
		BD4F0EB21530D75F00573F67 /* CBHAppDelegate.h */ = {isa = PBXFileReference; lastKnownFileType = sourcecode.c.h; path = CBHAppDelegate.h; sourceTree = "<group>"; };
		BD4F0EB31530D75F00573F67 /* CBHAppDelegate.m */ = {isa = PBXFileReference; lastKnownFileType = sourcecode.c.objc; path = CBHAppDelegate.m; sourceTree = "<group>"; };
		BD4F0EB51530D75F00573F67 /* CBHViewController.h */ = {isa = PBXFileReference; lastKnownFileType = sourcecode.c.h; path = CBHViewController.h; sourceTree = "<group>"; };
		BD4F0EB61530D75F00573F67 /* CBHViewController.m */ = {isa = PBXFileReference; lastKnownFileType = sourcecode.c.objc; path = CBHViewController.m; sourceTree = "<group>"; };
		BD4F0EBC1530D75F00573F67 /* en */ = {isa = PBXFileReference; lastKnownFileType = file.xib; name = en; path = en.lproj/CBHViewController_iPad.xib; sourceTree = "<group>"; };
		BD79015A1545EDE2007B0065 /* songcell_bg_click.png */ = {isa = PBXFileReference; lastKnownFileType = image.png; name = songcell_bg_click.png; path = "../../t3kno-iPhone-App/songcell_bg_click.png"; sourceTree = "<group>"; };
		BD79015E1545EF19007B0065 /* songcell.png */ = {isa = PBXFileReference; lastKnownFileType = image.png; name = songcell.png; path = "../../t3kno-iPhone-App/songcell.png"; sourceTree = "<group>"; };
		BD79016015471993007B0065 /* expandedCell.png */ = {isa = PBXFileReference; lastKnownFileType = image.png; name = expandedCell.png; path = "../../t3kno-iPhone-App/expandedCell.png"; sourceTree = "<group>"; };
		BD79016615471C27007B0065 /* thumbs_down.png */ = {isa = PBXFileReference; lastKnownFileType = image.png; name = thumbs_down.png; path = "../../t3kno-iPhone-App/thumbs_down.png"; sourceTree = "<group>"; };
		BD79016715471C27007B0065 /* thumbs_up.png */ = {isa = PBXFileReference; lastKnownFileType = image.png; name = thumbs_up.png; path = "../../t3kno-iPhone-App/thumbs_up.png"; sourceTree = "<group>"; };
		BD79C6F7153DF045006A9C60 /* logoWithText_lg.png */ = {isa = PBXFileReference; lastKnownFileType = image.png; name = logoWithText_lg.png; path = "../../t3kno-iPhone-App/t3kno/t3kno/logoWithText_lg.png"; sourceTree = "<group>"; };
		BD79C70A153E102C006A9C60 /* en */ = {isa = PBXFileReference; lastKnownFileType = file.xib; name = en; path = en.lproj/CBHViewController_iPhone.xib; sourceTree = "<group>"; };
		BD79C70C153E1E85006A9C60 /* filter.plist */ = {isa = PBXFileReference; fileEncoding = 4; lastKnownFileType = text.plist.xml; path = filter.plist; sourceTree = "<group>"; };
		BD79C71E153F4083006A9C60 /* magnifying_glass.png */ = {isa = PBXFileReference; lastKnownFileType = image.png; name = magnifying_glass.png; path = "../../t3kno-iPhone-App/magnifying_glass.png"; sourceTree = "<group>"; };
		BD79C720153F4F92006A9C60 /* TODO */ = {isa = PBXFileReference; fileEncoding = 4; lastKnownFileType = text; path = TODO; sourceTree = "<group>"; };
		BD79C72C153F5EE3006A9C60 /* logo-57x57.png */ = {isa = PBXFileReference; lastKnownFileType = image.png; name = "logo-57x57.png"; path = "../../t3kno-iPhone-App/logo-57x57.png"; sourceTree = "<group>"; };
		BD79C72D153F5EE3006A9C60 /* logo-114x114.png */ = {isa = PBXFileReference; lastKnownFileType = image.png; name = "logo-114x114.png"; path = "../../t3kno-iPhone-App/logo-114x114.png"; sourceTree = "<group>"; };
		BD79C72E153F5EE3006A9C60 /* logo-512x512.png */ = {isa = PBXFileReference; lastKnownFileType = image.png; name = "logo-512x512.png"; path = "../../t3kno-iPhone-App/logo-512x512.png"; sourceTree = "<group>"; };
		BD79C73215401DCC006A9C60 /* ExpandedSongCell.h */ = {isa = PBXFileReference; fileEncoding = 4; lastKnownFileType = sourcecode.c.h; path = ExpandedSongCell.h; sourceTree = "<group>"; };
		BD79C73315401DCC006A9C60 /* ExpandedSongCell.m */ = {isa = PBXFileReference; fileEncoding = 4; lastKnownFileType = sourcecode.c.objc; path = ExpandedSongCell.m; sourceTree = "<group>"; };
		BD79C73515401EB8006A9C60 /* ExpandedSongCell.xib */ = {isa = PBXFileReference; fileEncoding = 4; lastKnownFileType = file.xib; path = ExpandedSongCell.xib; sourceTree = "<group>"; };
		BDC55A1E153A762000F79B92 /* magnifying_glass_icon */ = {isa = PBXFileReference; lastKnownFileType = file; path = magnifying_glass_icon; sourceTree = SOURCE_ROOT; };
		BDC55A20153A767500F79B92 /* magnifying_glass_18x18 */ = {isa = PBXFileReference; lastKnownFileType = file; name = magnifying_glass_18x18; path = "../../t3kno-iPhone-App/magnifying_glass_18x18"; sourceTree = "<group>"; };
		BDC55A28153B513F00F79B92 /* play-button.png */ = {isa = PBXFileReference; lastKnownFileType = image.png; name = "play-button.png"; path = "../../t3kno-iPhone-App/play-button.png"; sourceTree = "<group>"; };
		BDC55A2A153B528500F79B92 /* pause-button.png */ = {isa = PBXFileReference; lastKnownFileType = image.png; name = "pause-button.png"; path = "../../t3kno-iPhone-App/pause-button.png"; sourceTree = "<group>"; };
		BDC55A2C153B53FE00F79B92 /* next_track.png */ = {isa = PBXFileReference; lastKnownFileType = image.png; name = next_track.png; path = "../../t3kno-iPhone-App/next_track.png"; sourceTree = "<group>"; };
		BDC55A2E153B555500F79B92 /* previous_track.png */ = {isa = PBXFileReference; lastKnownFileType = image.png; name = previous_track.png; path = "../../t3kno-iPhone-App/previous_track.png"; sourceTree = "<group>"; };
		BDC55A30153B73D600F79B92 /* tablecellbg.png */ = {isa = PBXFileReference; lastKnownFileType = image.png; name = tablecellbg.png; path = "../../t3kno-iPhone-App/tablecellbg.png"; sourceTree = "<group>"; };
		BDC55A32153B8BF400F79B92 /* tablecellbg_click.png */ = {isa = PBXFileReference; lastKnownFileType = image.png; name = tablecellbg_click.png; path = "../../t3kno-iPhone-App/tablecellbg_click.png"; sourceTree = "<group>"; };
		BDC55A34153CA26B00F79B92 /* YoutubeView.h */ = {isa = PBXFileReference; fileEncoding = 4; lastKnownFileType = sourcecode.c.h; path = YoutubeView.h; sourceTree = "<group>"; };
		BDC55A35153CA26B00F79B92 /* YoutubeView.m */ = {isa = PBXFileReference; fileEncoding = 4; lastKnownFileType = sourcecode.c.objc; path = YoutubeView.m; sourceTree = "<group>"; };
		BDD9462015487D6300C53EFD /* rankings_title_bg.png */ = {isa = PBXFileReference; lastKnownFileType = image.png; name = rankings_title_bg.png; path = "../../t3kno-iPhone-App/rankings_title_bg.png"; sourceTree = "<group>"; };
		BDD9462215487F0D00C53EFD /* header_with_logo2.png */ = {isa = PBXFileReference; lastKnownFileType = image.png; name = header_with_logo2.png; path = "../../t3kno-iPhone-App/header_with_logo2.png"; sourceTree = "<group>"; };
		BDD946261548822700C53EFD /* songcell_bg3.png */ = {isa = PBXFileReference; lastKnownFileType = image.png; name = songcell_bg3.png; path = "../../t3kno-iPhone-App/songcell_bg3.png"; sourceTree = "<group>"; };
		BDD946281548827C00C53EFD /* songcell_bg3_click.png */ = {isa = PBXFileReference; lastKnownFileType = image.png; name = songcell_bg3_click.png; path = "../../t3kno-iPhone-App/songcell_bg3_click.png"; sourceTree = "<group>"; };
		BDD9462A154883E900C53EFD /* songcell_bg4_click.png */ = {isa = PBXFileReference; lastKnownFileType = image.png; name = songcell_bg4_click.png; path = "../../t3kno-iPhone-App/songcell_bg4_click.png"; sourceTree = "<group>"; };
		BDD9462B154883E900C53EFD /* songcell_bg4.png */ = {isa = PBXFileReference; lastKnownFileType = image.png; name = songcell_bg4.png; path = "../../t3kno-iPhone-App/songcell_bg4.png"; sourceTree = "<group>"; };
		BDD9462C154883E900C53EFD /* songcell_bg5_click.png */ = {isa = PBXFileReference; lastKnownFileType = image.png; name = songcell_bg5_click.png; path = "../../t3kno-iPhone-App/songcell_bg5_click.png"; sourceTree = "<group>"; };
		BDD9462D154883E900C53EFD /* songcell_bg5.png */ = {isa = PBXFileReference; lastKnownFileType = image.png; name = songcell_bg5.png; path = "../../t3kno-iPhone-App/songcell_bg5.png"; sourceTree = "<group>"; };
		BDD9463615488A2000C53EFD /* expandedcell_bg.png */ = {isa = PBXFileReference; lastKnownFileType = image.png; name = expandedcell_bg.png; path = "../../t3kno-iPhone-App/expandedcell_bg.png"; sourceTree = "<group>"; };
		BDD946381548961400C53EFD /* twitter_logo.png */ = {isa = PBXFileReference; lastKnownFileType = image.png; name = twitter_logo.png; path = "../../t3kno-iPhone-App/twitter_logo.png"; sourceTree = "<group>"; };
		BDD9463A154896D100C53EFD /* facebook_logo.png */ = {isa = PBXFileReference; lastKnownFileType = image.png; name = facebook_logo.png; path = "../../t3kno-iPhone-App/facebook_logo.png"; sourceTree = "<group>"; };
		BDE668841531028D0013CBFA /* Song.h */ = {isa = PBXFileReference; fileEncoding = 4; lastKnownFileType = sourcecode.c.h; path = Song.h; sourceTree = "<group>"; };
		BDE668851531028D0013CBFA /* Song.m */ = {isa = PBXFileReference; fileEncoding = 4; lastKnownFileType = sourcecode.c.objc; path = Song.m; sourceTree = "<group>"; };
		BDE66892153147420013CBFA /* CFNetwork.framework */ = {isa = PBXFileReference; lastKnownFileType = wrapper.framework; name = CFNetwork.framework; path = System/Library/Frameworks/CFNetwork.framework; sourceTree = SDKROOT; };
		BDE66894153147530013CBFA /* SystemConfiguration.framework */ = {isa = PBXFileReference; lastKnownFileType = wrapper.framework; name = SystemConfiguration.framework; path = System/Library/Frameworks/SystemConfiguration.framework; sourceTree = SDKROOT; };
		BDE66896153147680013CBFA /* MobileCoreServices.framework */ = {isa = PBXFileReference; lastKnownFileType = wrapper.framework; name = MobileCoreServices.framework; path = System/Library/Frameworks/MobileCoreServices.framework; sourceTree = SDKROOT; };
		BDE66898153147820013CBFA /* libz.dylib */ = {isa = PBXFileReference; lastKnownFileType = "compiled.mach-o.dylib"; name = libz.dylib; path = usr/lib/libz.dylib; sourceTree = SDKROOT; };
		BDE668A415324D070013CBFA /* SongCell.xib */ = {isa = PBXFileReference; fileEncoding = 4; lastKnownFileType = file.xib; path = SongCell.xib; sourceTree = "<group>"; };
		BDE668A615324FF20013CBFA /* SongCell.h */ = {isa = PBXFileReference; fileEncoding = 4; lastKnownFileType = sourcecode.c.h; path = SongCell.h; sourceTree = "<group>"; };
		BDE668A715324FF20013CBFA /* SongCell.m */ = {isa = PBXFileReference; fileEncoding = 4; lastKnownFileType = sourcecode.c.objc; path = SongCell.m; sourceTree = "<group>"; };
		BDE668AA153A035C0013CBFA /* NSObject+SBJson.h */ = {isa = PBXFileReference; fileEncoding = 4; lastKnownFileType = sourcecode.c.h; path = "NSObject+SBJson.h"; sourceTree = "<group>"; };
		BDE668AB153A035C0013CBFA /* NSObject+SBJson.m */ = {isa = PBXFileReference; fileEncoding = 4; lastKnownFileType = sourcecode.c.objc; path = "NSObject+SBJson.m"; sourceTree = "<group>"; };
		BDE668AC153A035C0013CBFA /* SBJson.h */ = {isa = PBXFileReference; fileEncoding = 4; lastKnownFileType = sourcecode.c.h; path = SBJson.h; sourceTree = "<group>"; };
		BDE668AD153A035C0013CBFA /* SBJsonParser.h */ = {isa = PBXFileReference; fileEncoding = 4; lastKnownFileType = sourcecode.c.h; path = SBJsonParser.h; sourceTree = "<group>"; };
		BDE668AE153A035C0013CBFA /* SBJsonParser.m */ = {isa = PBXFileReference; fileEncoding = 4; lastKnownFileType = sourcecode.c.objc; path = SBJsonParser.m; sourceTree = "<group>"; };
		BDE668AF153A035C0013CBFA /* SBJsonStreamParser.h */ = {isa = PBXFileReference; fileEncoding = 4; lastKnownFileType = sourcecode.c.h; path = SBJsonStreamParser.h; sourceTree = "<group>"; };
		BDE668B0153A035C0013CBFA /* SBJsonStreamParser.m */ = {isa = PBXFileReference; fileEncoding = 4; lastKnownFileType = sourcecode.c.objc; path = SBJsonStreamParser.m; sourceTree = "<group>"; };
		BDE668B1153A035C0013CBFA /* SBJsonStreamParserAccumulator.h */ = {isa = PBXFileReference; fileEncoding = 4; lastKnownFileType = sourcecode.c.h; path = SBJsonStreamParserAccumulator.h; sourceTree = "<group>"; };
		BDE668B2153A035C0013CBFA /* SBJsonStreamParserAccumulator.m */ = {isa = PBXFileReference; fileEncoding = 4; lastKnownFileType = sourcecode.c.objc; path = SBJsonStreamParserAccumulator.m; sourceTree = "<group>"; };
		BDE668B3153A035C0013CBFA /* SBJsonStreamParserAdapter.h */ = {isa = PBXFileReference; fileEncoding = 4; lastKnownFileType = sourcecode.c.h; path = SBJsonStreamParserAdapter.h; sourceTree = "<group>"; };
		BDE668B4153A035C0013CBFA /* SBJsonStreamParserAdapter.m */ = {isa = PBXFileReference; fileEncoding = 4; lastKnownFileType = sourcecode.c.objc; path = SBJsonStreamParserAdapter.m; sourceTree = "<group>"; };
		BDE668B5153A035C0013CBFA /* SBJsonStreamParserState.h */ = {isa = PBXFileReference; fileEncoding = 4; lastKnownFileType = sourcecode.c.h; path = SBJsonStreamParserState.h; sourceTree = "<group>"; };
		BDE668B6153A035C0013CBFA /* SBJsonStreamParserState.m */ = {isa = PBXFileReference; fileEncoding = 4; lastKnownFileType = sourcecode.c.objc; path = SBJsonStreamParserState.m; sourceTree = "<group>"; };
		BDE668B7153A035C0013CBFA /* SBJsonStreamWriter.h */ = {isa = PBXFileReference; fileEncoding = 4; lastKnownFileType = sourcecode.c.h; path = SBJsonStreamWriter.h; sourceTree = "<group>"; };
		BDE668B8153A035C0013CBFA /* SBJsonStreamWriter.m */ = {isa = PBXFileReference; fileEncoding = 4; lastKnownFileType = sourcecode.c.objc; path = SBJsonStreamWriter.m; sourceTree = "<group>"; };
		BDE668B9153A035C0013CBFA /* SBJsonStreamWriterAccumulator.h */ = {isa = PBXFileReference; fileEncoding = 4; lastKnownFileType = sourcecode.c.h; path = SBJsonStreamWriterAccumulator.h; sourceTree = "<group>"; };
		BDE668BA153A035C0013CBFA /* SBJsonStreamWriterAccumulator.m */ = {isa = PBXFileReference; fileEncoding = 4; lastKnownFileType = sourcecode.c.objc; path = SBJsonStreamWriterAccumulator.m; sourceTree = "<group>"; };
		BDE668BB153A035C0013CBFA /* SBJsonStreamWriterState.h */ = {isa = PBXFileReference; fileEncoding = 4; lastKnownFileType = sourcecode.c.h; path = SBJsonStreamWriterState.h; sourceTree = "<group>"; };
		BDE668BC153A035C0013CBFA /* SBJsonStreamWriterState.m */ = {isa = PBXFileReference; fileEncoding = 4; lastKnownFileType = sourcecode.c.objc; path = SBJsonStreamWriterState.m; sourceTree = "<group>"; };
		BDE668BD153A035C0013CBFA /* SBJsonTokeniser.h */ = {isa = PBXFileReference; fileEncoding = 4; lastKnownFileType = sourcecode.c.h; path = SBJsonTokeniser.h; sourceTree = "<group>"; };
		BDE668BE153A035C0013CBFA /* SBJsonTokeniser.m */ = {isa = PBXFileReference; fileEncoding = 4; lastKnownFileType = sourcecode.c.objc; path = SBJsonTokeniser.m; sourceTree = "<group>"; };
		BDE668BF153A035C0013CBFA /* SBJsonUTF8Stream.h */ = {isa = PBXFileReference; fileEncoding = 4; lastKnownFileType = sourcecode.c.h; path = SBJsonUTF8Stream.h; sourceTree = "<group>"; };
		BDE668C0153A035C0013CBFA /* SBJsonUTF8Stream.m */ = {isa = PBXFileReference; fileEncoding = 4; lastKnownFileType = sourcecode.c.objc; path = SBJsonUTF8Stream.m; sourceTree = "<group>"; };
		BDE668C1153A035C0013CBFA /* SBJsonWriter.h */ = {isa = PBXFileReference; fileEncoding = 4; lastKnownFileType = sourcecode.c.h; path = SBJsonWriter.h; sourceTree = "<group>"; };
		BDE668C2153A035C0013CBFA /* SBJsonWriter.m */ = {isa = PBXFileReference; fileEncoding = 4; lastKnownFileType = sourcecode.c.objc; path = SBJsonWriter.m; sourceTree = "<group>"; };
/* End PBXFileReference section */

/* Begin PBXFrameworksBuildPhase section */
		BD4F0E9C1530D75E00573F67 /* Frameworks */ = {
			isa = PBXFrameworksBuildPhase;
			buildActionMask = 2147483647;
			files = (
				BDE66899153147820013CBFA /* libz.dylib in Frameworks */,
				BDE66897153147680013CBFA /* MobileCoreServices.framework in Frameworks */,
				BDE66895153147530013CBFA /* SystemConfiguration.framework in Frameworks */,
				BDE66893153147420013CBFA /* CFNetwork.framework in Frameworks */,
				BD4F0EA41530D75E00573F67 /* UIKit.framework in Frameworks */,
				BD4F0EA61530D75E00573F67 /* Foundation.framework in Frameworks */,
				BD4F0EA81530D75E00573F67 /* CoreGraphics.framework in Frameworks */,
			);
			runOnlyForDeploymentPostprocessing = 0;
		};
/* End PBXFrameworksBuildPhase section */

/* Begin PBXGroup section */
		BD4F0E941530D75E00573F67 = {
			isa = PBXGroup;
			children = (
				BDE66898153147820013CBFA /* libz.dylib */,
				BDE66896153147680013CBFA /* MobileCoreServices.framework */,
				BDE66894153147530013CBFA /* SystemConfiguration.framework */,
				BDE66892153147420013CBFA /* CFNetwork.framework */,
				BD4F0EA91530D75E00573F67 /* t3kno */,
				BD4F0EA21530D75E00573F67 /* Frameworks */,
				BD4F0EA01530D75E00573F67 /* Products */,
			);
			sourceTree = "<group>";
		};
		BD4F0EA01530D75E00573F67 /* Products */ = {
			isa = PBXGroup;
			children = (
				BD4F0E9F1530D75E00573F67 /* t3kno.app */,
			);
			name = Products;
			sourceTree = "<group>";
		};
		BD4F0EA21530D75E00573F67 /* Frameworks */ = {
			isa = PBXGroup;
			children = (
				BD4F0EA31530D75E00573F67 /* UIKit.framework */,
				BD4F0EA51530D75E00573F67 /* Foundation.framework */,
				BD4F0EA71530D75E00573F67 /* CoreGraphics.framework */,
			);
			name = Frameworks;
			sourceTree = "<group>";
		};
		BD4F0EA91530D75E00573F67 /* t3kno */ = {
			isa = PBXGroup;
			children = (
				BD79C720153F4F92006A9C60 /* TODO */,
				BD79C70C153E1E85006A9C60 /* filter.plist */,
				BD4F0EB21530D75F00573F67 /* CBHAppDelegate.h */,
				BD4F0EB31530D75F00573F67 /* CBHAppDelegate.m */,
				BD79C709153E102C006A9C60 /* CBHViewController_iPhone.xib */,
				BD4F0EB51530D75F00573F67 /* CBHViewController.h */,
				BD4F0EB61530D75F00573F67 /* CBHViewController.m */,
				BD79C73515401EB8006A9C60 /* ExpandedSongCell.xib */,
				BD79C73215401DCC006A9C60 /* ExpandedSongCell.h */,
				BD79C73315401DCC006A9C60 /* ExpandedSongCell.m */,
				BDE668A415324D070013CBFA /* SongCell.xib */,
				BDE668A615324FF20013CBFA /* SongCell.h */,
				BDE668A715324FF20013CBFA /* SongCell.m */,
				BD79C717153F0B93006A9C60 /* Images */,
				BD79C718153F0BD8006A9C60 /* Classes */,
				BDE668A9153A035C0013CBFA /* JSON */,
				BD4F0EAA1530D75E00573F67 /* Supporting Files */,
				BD4F0EBB1530D75F00573F67 /* CBHViewController_iPad.xib */,
			);
			path = t3kno;
			sourceTree = "<group>";
		};
		BD4F0EAA1530D75E00573F67 /* Supporting Files */ = {
			isa = PBXGroup;
			children = (
				BD4F0EAB1530D75E00573F67 /* t3kno-Info.plist */,
				BD4F0EAC1530D75E00573F67 /* InfoPlist.strings */,
				BD4F0EAF1530D75E00573F67 /* main.m */,
				BD4F0EB11530D75F00573F67 /* t3kno-Prefix.pch */,
			);
			name = "Supporting Files";
			sourceTree = "<group>";
		};
		BD79C717153F0B93006A9C60 /* Images */ = {
			isa = PBXGroup;
			children = (
				BDD9463A154896D100C53EFD /* facebook_logo.png */,
				BDD946381548961400C53EFD /* twitter_logo.png */,
				BDD9463615488A2000C53EFD /* expandedcell_bg.png */,
				BDD9462A154883E900C53EFD /* songcell_bg4_click.png */,
				BDD9462B154883E900C53EFD /* songcell_bg4.png */,
				BDD9462C154883E900C53EFD /* songcell_bg5_click.png */,
				BDD9462D154883E900C53EFD /* songcell_bg5.png */,
				BDD946281548827C00C53EFD /* songcell_bg3_click.png */,
				BDD946261548822700C53EFD /* songcell_bg3.png */,
				BDD9462215487F0D00C53EFD /* header_with_logo2.png */,
				BDD9462015487D6300C53EFD /* rankings_title_bg.png */,
				BD79016615471C27007B0065 /* thumbs_down.png */,
				BD79016715471C27007B0065 /* thumbs_up.png */,
				BD79016015471993007B0065 /* expandedCell.png */,
				BD79015E1545EF19007B0065 /* songcell.png */,
				BD79015A1545EDE2007B0065 /* songcell_bg_click.png */,
				BD79C72C153F5EE3006A9C60 /* logo-57x57.png */,
				BD79C72D153F5EE3006A9C60 /* logo-114x114.png */,
				BD79C72E153F5EE3006A9C60 /* logo-512x512.png */,
				BD79C71E153F4083006A9C60 /* magnifying_glass.png */,
				BDC55A30153B73D600F79B92 /* tablecellbg.png */,
				BD79C6F7153DF045006A9C60 /* logoWithText_lg.png */,
				BDC55A2E153B555500F79B92 /* previous_track.png */,
				BDC55A2C153B53FE00F79B92 /* next_track.png */,
				BDC55A2A153B528500F79B92 /* pause-button.png */,
				BDC55A28153B513F00F79B92 /* play-button.png */,
				BDC55A20153A767500F79B92 /* magnifying_glass_18x18 */,
				BDC55A1E153A762000F79B92 /* magnifying_glass_icon */,
				BD3D9FA51530F4010025B9A3 /* logoWithText_sm.png */,
				BD3D9FA31530F33A0025B9A3 /* logoWithText.png */,
				BDC55A32153B8BF400F79B92 /* tablecellbg_click.png */,
			);
			name = Images;
			path = ../../../SBJson_3.1/Classes;
			sourceTree = "<group>";
		};
		BD79C718153F0BD8006A9C60 /* Classes */ = {
			isa = PBXGroup;
			children = (
				BDE668841531028D0013CBFA /* Song.h */,
				BDE668851531028D0013CBFA /* Song.m */,
				BDC55A34153CA26B00F79B92 /* YoutubeView.h */,
				BDC55A35153CA26B00F79B92 /* YoutubeView.m */,
			);
			name = Classes;
			sourceTree = "<group>";
		};
		BDE668A9153A035C0013CBFA /* JSON */ = {
			isa = PBXGroup;
			children = (
				BDE668AA153A035C0013CBFA /* NSObject+SBJson.h */,
				BDE668AB153A035C0013CBFA /* NSObject+SBJson.m */,
				BDE668AC153A035C0013CBFA /* SBJson.h */,
				BDE668AD153A035C0013CBFA /* SBJsonParser.h */,
				BDE668AE153A035C0013CBFA /* SBJsonParser.m */,
				BDE668AF153A035C0013CBFA /* SBJsonStreamParser.h */,
				BDE668B0153A035C0013CBFA /* SBJsonStreamParser.m */,
				BDE668B1153A035C0013CBFA /* SBJsonStreamParserAccumulator.h */,
				BDE668B2153A035C0013CBFA /* SBJsonStreamParserAccumulator.m */,
				BDE668B3153A035C0013CBFA /* SBJsonStreamParserAdapter.h */,
				BDE668B4153A035C0013CBFA /* SBJsonStreamParserAdapter.m */,
				BDE668B5153A035C0013CBFA /* SBJsonStreamParserState.h */,
				BDE668B6153A035C0013CBFA /* SBJsonStreamParserState.m */,
				BDE668B7153A035C0013CBFA /* SBJsonStreamWriter.h */,
				BDE668B8153A035C0013CBFA /* SBJsonStreamWriter.m */,
				BDE668B9153A035C0013CBFA /* SBJsonStreamWriterAccumulator.h */,
				BDE668BA153A035C0013CBFA /* SBJsonStreamWriterAccumulator.m */,
				BDE668BB153A035C0013CBFA /* SBJsonStreamWriterState.h */,
				BDE668BC153A035C0013CBFA /* SBJsonStreamWriterState.m */,
				BDE668BD153A035C0013CBFA /* SBJsonTokeniser.h */,
				BDE668BE153A035C0013CBFA /* SBJsonTokeniser.m */,
				BDE668BF153A035C0013CBFA /* SBJsonUTF8Stream.h */,
				BDE668C0153A035C0013CBFA /* SBJsonUTF8Stream.m */,
				BDE668C1153A035C0013CBFA /* SBJsonWriter.h */,
				BDE668C2153A035C0013CBFA /* SBJsonWriter.m */,
			);
			name = JSON;
			path = ../../../SBJson_3.1/Classes;
			sourceTree = "<group>";
		};
/* End PBXGroup section */

/* Begin PBXNativeTarget section */
		BD4F0E9E1530D75E00573F67 /* t3kno */ = {
			isa = PBXNativeTarget;
			buildConfigurationList = BD4F0EC01530D75F00573F67 /* Build configuration list for PBXNativeTarget "t3kno" */;
			buildPhases = (
				BD4F0E9B1530D75E00573F67 /* Sources */,
				BD4F0E9C1530D75E00573F67 /* Frameworks */,
				BD4F0E9D1530D75E00573F67 /* Resources */,
			);
			buildRules = (
			);
			dependencies = (
			);
			name = t3kno;
			productName = t3kno;
			productReference = BD4F0E9F1530D75E00573F67 /* t3kno.app */;
			productType = "com.apple.product-type.application";
		};
/* End PBXNativeTarget section */

/* Begin PBXProject section */
		BD4F0E961530D75E00573F67 /* Project object */ = {
			isa = PBXProject;
			attributes = {
				LastUpgradeCheck = 0420;
			};
			buildConfigurationList = BD4F0E991530D75E00573F67 /* Build configuration list for PBXProject "t3kno" */;
			compatibilityVersion = "Xcode 3.2";
			developmentRegion = English;
			hasScannedForEncodings = 0;
			knownRegions = (
				en,
			);
			mainGroup = BD4F0E941530D75E00573F67;
			productRefGroup = BD4F0EA01530D75E00573F67 /* Products */;
			projectDirPath = "";
			projectRoot = "";
			targets = (
				BD4F0E9E1530D75E00573F67 /* t3kno */,
			);
		};
/* End PBXProject section */

/* Begin PBXResourcesBuildPhase section */
		BD4F0E9D1530D75E00573F67 /* Resources */ = {
			isa = PBXResourcesBuildPhase;
			buildActionMask = 2147483647;
			files = (
				BD4F0EAE1530D75E00573F67 /* InfoPlist.strings in Resources */,
				BD4F0EBD1530D75F00573F67 /* CBHViewController_iPad.xib in Resources */,
				BD3D9FA41530F33A0025B9A3 /* logoWithText.png in Resources */,
				BD3D9FA61530F4010025B9A3 /* logoWithText_sm.png in Resources */,
				BDE668A515324D070013CBFA /* SongCell.xib in Resources */,
				BDC55A1F153A762000F79B92 /* magnifying_glass_icon in Resources */,
				BDC55A21153A767500F79B92 /* magnifying_glass_18x18 in Resources */,
				BDC55A29153B513F00F79B92 /* play-button.png in Resources */,
				BDC55A2B153B528500F79B92 /* pause-button.png in Resources */,
				BDC55A2D153B53FE00F79B92 /* next_track.png in Resources */,
				BDC55A2F153B555500F79B92 /* previous_track.png in Resources */,
				BDC55A31153B73D600F79B92 /* tablecellbg.png in Resources */,
				BDC55A33153B8BF400F79B92 /* tablecellbg_click.png in Resources */,
				BD79C6F8153DF045006A9C60 /* logoWithText_lg.png in Resources */,
				BD79C70B153E102C006A9C60 /* CBHViewController_iPhone.xib in Resources */,
				BD79C70D153E1E85006A9C60 /* filter.plist in Resources */,
				BD79C71F153F4083006A9C60 /* magnifying_glass.png in Resources */,
				BD79C721153F4F92006A9C60 /* TODO in Resources */,
				BD79C72F153F5EE3006A9C60 /* logo-57x57.png in Resources */,
				BD79C730153F5EE3006A9C60 /* logo-114x114.png in Resources */,
				BD79C731153F5EE3006A9C60 /* logo-512x512.png in Resources */,
				BD79C73615401EB9006A9C60 /* ExpandedSongCell.xib in Resources */,
				BD79015B1545EDE2007B0065 /* songcell_bg_click.png in Resources */,
				BD79015F1545EF19007B0065 /* songcell.png in Resources */,
				BD79016115471993007B0065 /* expandedCell.png in Resources */,
				BD79016815471C27007B0065 /* thumbs_down.png in Resources */,
				BD79016915471C27007B0065 /* thumbs_up.png in Resources */,
				BDD9462115487D6300C53EFD /* rankings_title_bg.png in Resources */,
				BDD9462315487F0D00C53EFD /* header_with_logo2.png in Resources */,
				BDD946271548822700C53EFD /* songcell_bg3.png in Resources */,
				BDD946291548827C00C53EFD /* songcell_bg3_click.png in Resources */,
				BDD9462E154883E900C53EFD /* songcell_bg4_click.png in Resources */,
				BDD9462F154883E900C53EFD /* songcell_bg4.png in Resources */,
				BDD94630154883E900C53EFD /* songcell_bg5_click.png in Resources */,
				BDD94631154883E900C53EFD /* songcell_bg5.png in Resources */,
				BDD9463715488A2000C53EFD /* expandedcell_bg.png in Resources */,
				BDD946391548961400C53EFD /* twitter_logo.png in Resources */,
				BDD9463B154896D100C53EFD /* facebook_logo.png in Resources */,
			);
			runOnlyForDeploymentPostprocessing = 0;
		};
/* End PBXResourcesBuildPhase section */

/* Begin PBXSourcesBuildPhase section */
		BD4F0E9B1530D75E00573F67 /* Sources */ = {
			isa = PBXSourcesBuildPhase;
			buildActionMask = 2147483647;
			files = (
				BD4F0EB01530D75E00573F67 /* main.m in Sources */,
				BD4F0EB41530D75F00573F67 /* CBHAppDelegate.m in Sources */,
				BD4F0EB71530D75F00573F67 /* CBHViewController.m in Sources */,
				BDE668861531028D0013CBFA /* Song.m in Sources */,
				BDE668A815324FF20013CBFA /* SongCell.m in Sources */,
				BDE668C3153A035C0013CBFA /* NSObject+SBJson.m in Sources */,
				BDE668C4153A035C0013CBFA /* SBJsonParser.m in Sources */,
				BDE668C5153A035C0013CBFA /* SBJsonStreamParser.m in Sources */,
				BDE668C6153A035C0013CBFA /* SBJsonStreamParserAccumulator.m in Sources */,
				BDE668C7153A035C0013CBFA /* SBJsonStreamParserAdapter.m in Sources */,
				BDE668C8153A035C0013CBFA /* SBJsonStreamParserState.m in Sources */,
				BDE668C9153A035C0013CBFA /* SBJsonStreamWriter.m in Sources */,
				BDE668CA153A035C0013CBFA /* SBJsonStreamWriterAccumulator.m in Sources */,
				BDE668CB153A035C0013CBFA /* SBJsonStreamWriterState.m in Sources */,
				BDE668CC153A035C0013CBFA /* SBJsonTokeniser.m in Sources */,
				BDE668CD153A035C0013CBFA /* SBJsonUTF8Stream.m in Sources */,
				BDE668CE153A035C0013CBFA /* SBJsonWriter.m in Sources */,
				BDC55A36153CA26B00F79B92 /* YoutubeView.m in Sources */,
				BD79C73415401DCD006A9C60 /* ExpandedSongCell.m in Sources */,
			);
			runOnlyForDeploymentPostprocessing = 0;
		};
/* End PBXSourcesBuildPhase section */

/* Begin PBXVariantGroup section */
		BD4F0EAC1530D75E00573F67 /* InfoPlist.strings */ = {
			isa = PBXVariantGroup;
			children = (
				BD4F0EAD1530D75E00573F67 /* en */,
			);
			name = InfoPlist.strings;
			sourceTree = "<group>";
		};
		BD4F0EBB1530D75F00573F67 /* CBHViewController_iPad.xib */ = {
			isa = PBXVariantGroup;
			children = (
				BD4F0EBC1530D75F00573F67 /* en */,
			);
			name = CBHViewController_iPad.xib;
			sourceTree = "<group>";
		};
		BD79C709153E102C006A9C60 /* CBHViewController_iPhone.xib */ = {
			isa = PBXVariantGroup;
			children = (
				BD79C70A153E102C006A9C60 /* en */,
			);
			name = CBHViewController_iPhone.xib;
			sourceTree = "<group>";
		};
/* End PBXVariantGroup section */

/* Begin XCBuildConfiguration section */
		BD4F0EBE1530D75F00573F67 /* Debug */ = {
			isa = XCBuildConfiguration;
			buildSettings = {
				ALWAYS_SEARCH_USER_PATHS = NO;
				ARCHS = "$(ARCHS_STANDARD_32_BIT)";
				"CODE_SIGN_IDENTITY[sdk=iphoneos*]" = "iPhone Developer";
				COPY_PHASE_STRIP = NO;
				GCC_C_LANGUAGE_STANDARD = gnu99;
				GCC_DYNAMIC_NO_PIC = NO;
				GCC_OPTIMIZATION_LEVEL = 0;
				GCC_PREPROCESSOR_DEFINITIONS = (
					"DEBUG=1",
					"$(inherited)",
				);
				GCC_SYMBOLS_PRIVATE_EXTERN = NO;
				GCC_VERSION = com.apple.compilers.llvm.clang.1_0;
				GCC_WARN_ABOUT_MISSING_PROTOTYPES = YES;
				GCC_WARN_ABOUT_RETURN_TYPE = YES;
				GCC_WARN_UNUSED_VARIABLE = YES;
				IPHONEOS_DEPLOYMENT_TARGET = 5.0;
				SDKROOT = iphoneos;
				TARGETED_DEVICE_FAMILY = "1,2";
			};
			name = Debug;
		};
		BD4F0EBF1530D75F00573F67 /* Release */ = {
			isa = XCBuildConfiguration;
			buildSettings = {
				ALWAYS_SEARCH_USER_PATHS = NO;
				ARCHS = "$(ARCHS_STANDARD_32_BIT)";
				"CODE_SIGN_IDENTITY[sdk=iphoneos*]" = "iPhone Developer";
				COPY_PHASE_STRIP = YES;
				GCC_C_LANGUAGE_STANDARD = gnu99;
				GCC_VERSION = com.apple.compilers.llvm.clang.1_0;
				GCC_WARN_ABOUT_MISSING_PROTOTYPES = YES;
				GCC_WARN_ABOUT_RETURN_TYPE = YES;
				GCC_WARN_UNUSED_VARIABLE = YES;
				IPHONEOS_DEPLOYMENT_TARGET = 5.0;
				OTHER_CFLAGS = "-DNS_BLOCK_ASSERTIONS=1";
				SDKROOT = iphoneos;
				TARGETED_DEVICE_FAMILY = "1,2";
				VALIDATE_PRODUCT = YES;
			};
			name = Release;
		};
		BD4F0EC11530D75F00573F67 /* Debug */ = {
			isa = XCBuildConfiguration;
			buildSettings = {
				CODE_SIGN_IDENTITY = "iPhone Developer: Calvin Hawkes (G98PQY95M8)";
				GCC_PRECOMPILE_PREFIX_HEADER = YES;
				GCC_PREFIX_HEADER = "t3kno/t3kno-Prefix.pch";
				INFOPLIST_FILE = "t3kno/t3kno-Info.plist";
				PRODUCT_NAME = "$(TARGET_NAME)";
				PROVISIONING_PROFILE = "9EF4D596-CB8A-4644-99C7-7A766E5F492A";
				WRAPPER_EXTENSION = app;
			};
			name = Debug;
		};
		BD4F0EC21530D75F00573F67 /* Release */ = {
			isa = XCBuildConfiguration;
			buildSettings = {
				CODE_SIGN_IDENTITY = "iPhone Developer: Calvin Hawkes (G98PQY95M8)";
				GCC_PRECOMPILE_PREFIX_HEADER = YES;
				GCC_PREFIX_HEADER = "t3kno/t3kno-Prefix.pch";
				INFOPLIST_FILE = "t3kno/t3kno-Info.plist";
				PRODUCT_NAME = "$(TARGET_NAME)";
				PROVISIONING_PROFILE = "9EF4D596-CB8A-4644-99C7-7A766E5F492A";
				WRAPPER_EXTENSION = app;
			};
			name = Release;
		};
/* End XCBuildConfiguration section */

/* Begin XCConfigurationList section */
		BD4F0E991530D75E00573F67 /* Build configuration list for PBXProject "t3kno" */ = {
			isa = XCConfigurationList;
			buildConfigurations = (
				BD4F0EBE1530D75F00573F67 /* Debug */,
				BD4F0EBF1530D75F00573F67 /* Release */,
			);
			defaultConfigurationIsVisible = 0;
			defaultConfigurationName = Release;
		};
		BD4F0EC01530D75F00573F67 /* Build configuration list for PBXNativeTarget "t3kno" */ = {
			isa = XCConfigurationList;
			buildConfigurations = (
				BD4F0EC11530D75F00573F67 /* Debug */,
				BD4F0EC21530D75F00573F67 /* Release */,
			);
			defaultConfigurationIsVisible = 0;
			defaultConfigurationName = Release;
		};
/* End XCConfigurationList section */
	};
	rootObject = BD4F0E961530D75E00573F67 /* Project object */;
}
