// !$*UTF8*$!
{
	archiveVersion = 1;
	classes = {
	};
	objectVersion = 46;
	objects = {

/* Begin PBXBuildFile section */
		BD3D9FA41530F33A0025B9A3 /* logoWithText.png in Resources */ = {isa = PBXBuildFile; fileRef = BD3D9FA31530F33A0025B9A3 /* logoWithText.png */; };
		BD3D9FA61530F4010025B9A3 /* logoWithText_sm.png in Resources */ = {isa = PBXBuildFile; fileRef = BD3D9FA51530F4010025B9A3 /* logoWithText_sm.png */; };
		BD4F0EA41530D75E00573F67 /* UIKit.framework in Frameworks */ = {isa = PBXBuildFile; fileRef = BD4F0EA31530D75E00573F67 /* UIKit.framework */; };
		BD4F0EA61530D75E00573F67 /* Foundation.framework in Frameworks */ = {isa = PBXBuildFile; fileRef = BD4F0EA51530D75E00573F67 /* Foundation.framework */; };
		BD4F0EA81530D75E00573F67 /* CoreGraphics.framework in Frameworks */ = {isa = PBXBuildFile; fileRef = BD4F0EA71530D75E00573F67 /* CoreGraphics.framework */; };
		BD4F0EAE1530D75E00573F67 /* InfoPlist.strings in Resources */ = {isa = PBXBuildFile; fileRef = BD4F0EAC1530D75E00573F67 /* InfoPlist.strings */; };
		BD4F0EB01530D75E00573F67 /* main.m in Sources */ = {isa = PBXBuildFile; fileRef = BD4F0EAF1530D75E00573F67 /* main.m */; };
		BD4F0EB41530D75F00573F67 /* CBHAppDelegate.m in Sources */ = {isa = PBXBuildFile; fileRef = BD4F0EB31530D75F00573F67 /* CBHAppDelegate.m */; };
		BD4F0EB71530D75F00573F67 /* CBHViewController.m in Sources */ = {isa = PBXBuildFile; fileRef = BD4F0EB61530D75F00573F67 /* CBHViewController.m */; };
		BD4F0EBA1530D75F00573F67 /* CBHViewController_iPhone.xib in Resources */ = {isa = PBXBuildFile; fileRef = BD4F0EB81530D75F00573F67 /* CBHViewController_iPhone.xib */; };
		BD4F0EBD1530D75F00573F67 /* CBHViewController_iPad.xib in Resources */ = {isa = PBXBuildFile; fileRef = BD4F0EBB1530D75F00573F67 /* CBHViewController_iPad.xib */; };
/* End PBXBuildFile section */

/* Begin PBXFileReference section */
		BD3D9FA31530F33A0025B9A3 /* logoWithText.png */ = {isa = PBXFileReference; lastKnownFileType = image.png; path = logoWithText.png; sourceTree = "<group>"; };
		BD3D9FA51530F4010025B9A3 /* logoWithText_sm.png */ = {isa = PBXFileReference; lastKnownFileType = image.png; path = logoWithText_sm.png; sourceTree = "<group>"; };
		BD4F0E9F1530D75E00573F67 /* t3kno.app */ = {isa = PBXFileReference; explicitFileType = wrapper.application; includeInIndex = 0; path = t3kno.app; sourceTree = BUILT_PRODUCTS_DIR; };
		BD4F0EA31530D75E00573F67 /* UIKit.framework */ = {isa = PBXFileReference; lastKnownFileType = wrapper.framework; name = UIKit.framework; path = System/Library/Frameworks/UIKit.framework; sourceTree = SDKROOT; };
		BD4F0EA51530D75E00573F67 /* Foundation.framework */ = {isa = PBXFileReference; lastKnownFileType = wrapper.framework; name = Foundation.framework; path = System/Library/Frameworks/Foundation.framework; sourceTree = SDKROOT; };
		BD4F0EA71530D75E00573F67 /* CoreGraphics.framework */ = {isa = PBXFileReference; lastKnownFileType = wrapper.framework; name = CoreGraphics.framework; path = System/Library/Frameworks/CoreGraphics.framework; sourceTree = SDKROOT; };
		BD4F0EAB1530D75E00573F67 /* t3kno-Info.plist */ = {isa = PBXFileReference; lastKnownFileType = text.plist.xml; path = "t3kno-Info.plist"; sourceTree = "<group>"; };
		BD4F0EAD1530D75E00573F67 /* en */ = {isa = PBXFileReference; lastKnownFileType = text.plist.strings; name = en; path = en.lproj/InfoPlist.strings; sourceTree = "<group>"; };
		BD4F0EAF1530D75E00573F67 /* main.m */ = {isa = PBXFileReference; lastKnownFileType = sourcecode.c.objc; path = main.m; sourceTree = "<group>"; };
		BD4F0EB11530D75F00573F67 /* t3kno-Prefix.pch */ = {isa = PBXFileReference; lastKnownFileType = sourcecode.c.h; path = "t3kno-Prefix.pch"; sourceTree = "<group>"; };
		BD4F0EB21530D75F00573F67 /* CBHAppDelegate.h */ = {isa = PBXFileReference; lastKnownFileType = sourcecode.c.h; path = CBHAppDelegate.h; sourceTree = "<group>"; };
		BD4F0EB31530D75F00573F67 /* CBHAppDelegate.m */ = {isa = PBXFileReference; lastKnownFileType = sourcecode.c.objc; path = CBHAppDelegate.m; sourceTree = "<group>"; };
		BD4F0EB51530D75F00573F67 /* CBHViewController.h */ = {isa = PBXFileReference; lastKnownFileType = sourcecode.c.h; path = CBHViewController.h; sourceTree = "<group>"; };
		BD4F0EB61530D75F00573F67 /* CBHViewController.m */ = {isa = PBXFileReference; lastKnownFileType = sourcecode.c.objc; path = CBHViewController.m; sourceTree = "<group>"; };
		BD4F0EB91530D75F00573F67 /* en */ = {isa = PBXFileReference; lastKnownFileType = file.xib; name = en; path = en.lproj/CBHViewController_iPhone.xib; sourceTree = "<group>"; };
		BD4F0EBC1530D75F00573F67 /* en */ = {isa = PBXFileReference; lastKnownFileType = file.xib; name = en; path = en.lproj/CBHViewController_iPad.xib; sourceTree = "<group>"; };
/* End PBXFileReference section */

/* Begin PBXFrameworksBuildPhase section */
		BD4F0E9C1530D75E00573F67 /* Frameworks */ = {
			isa = PBXFrameworksBuildPhase;
			buildActionMask = 2147483647;
			files = (
				BD4F0EA41530D75E00573F67 /* UIKit.framework in Frameworks */,
				BD4F0EA61530D75E00573F67 /* Foundation.framework in Frameworks */,
				BD4F0EA81530D75E00573F67 /* CoreGraphics.framework in Frameworks */,
			);
			runOnlyForDeploymentPostprocessing = 0;
		};
/* End PBXFrameworksBuildPhase section */

/* Begin PBXGroup section */
		BD4F0E941530D75E00573F67 = {
			isa = PBXGroup;
			children = (
				BD4F0EA91530D75E00573F67 /* t3kno */,
				BD4F0EA21530D75E00573F67 /* Frameworks */,
				BD4F0EA01530D75E00573F67 /* Products */,
			);
			sourceTree = "<group>";
		};
		BD4F0EA01530D75E00573F67 /* Products */ = {
			isa = PBXGroup;
			children = (
				BD4F0E9F1530D75E00573F67 /* t3kno.app */,
			);
			name = Products;
			sourceTree = "<group>";
		};
		BD4F0EA21530D75E00573F67 /* Frameworks */ = {
			isa = PBXGroup;
			children = (
				BD4F0EA31530D75E00573F67 /* UIKit.framework */,
				BD4F0EA51530D75E00573F67 /* Foundation.framework */,
				BD4F0EA71530D75E00573F67 /* CoreGraphics.framework */,
			);
			name = Frameworks;
			sourceTree = "<group>";
		};
		BD4F0EA91530D75E00573F67 /* t3kno */ = {
			isa = PBXGroup;
			children = (
				BD4F0EB21530D75F00573F67 /* CBHAppDelegate.h */,
				BD4F0EB31530D75F00573F67 /* CBHAppDelegate.m */,
				BD4F0EB51530D75F00573F67 /* CBHViewController.h */,
				BD4F0EB61530D75F00573F67 /* CBHViewController.m */,
				BD4F0EB81530D75F00573F67 /* CBHViewController_iPhone.xib */,
				BD3D9FA51530F4010025B9A3 /* logoWithText_sm.png */,
				BD3D9FA31530F33A0025B9A3 /* logoWithText.png */,
				BD4F0EBB1530D75F00573F67 /* CBHViewController_iPad.xib */,
				BD4F0EAA1530D75E00573F67 /* Supporting Files */,
			);
			path = t3kno;
			sourceTree = "<group>";
		};
		BD4F0EAA1530D75E00573F67 /* Supporting Files */ = {
			isa = PBXGroup;
			children = (
				BD4F0EAB1530D75E00573F67 /* t3kno-Info.plist */,
				BD4F0EAC1530D75E00573F67 /* InfoPlist.strings */,
				BD4F0EAF1530D75E00573F67 /* main.m */,
				BD4F0EB11530D75F00573F67 /* t3kno-Prefix.pch */,
			);
			name = "Supporting Files";
			sourceTree = "<group>";
		};
/* End PBXGroup section */

/* Begin PBXNativeTarget section */
		BD4F0E9E1530D75E00573F67 /* t3kno */ = {
			isa = PBXNativeTarget;
			buildConfigurationList = BD4F0EC01530D75F00573F67 /* Build configuration list for PBXNativeTarget "t3kno" */;
			buildPhases = (
				BD4F0E9B1530D75E00573F67 /* Sources */,
				BD4F0E9C1530D75E00573F67 /* Frameworks */,
				BD4F0E9D1530D75E00573F67 /* Resources */,
			);
			buildRules = (
			);
			dependencies = (
			);
			name = t3kno;
			productName = t3kno;
			productReference = BD4F0E9F1530D75E00573F67 /* t3kno.app */;
			productType = "com.apple.product-type.application";
		};
/* End PBXNativeTarget section */

/* Begin PBXProject section */
		BD4F0E961530D75E00573F67 /* Project object */ = {
			isa = PBXProject;
			attributes = {
				LastUpgradeCheck = 0420;
			};
			buildConfigurationList = BD4F0E991530D75E00573F67 /* Build configuration list for PBXProject "t3kno" */;
			compatibilityVersion = "Xcode 3.2";
			developmentRegion = English;
			hasScannedForEncodings = 0;
			knownRegions = (
				en,
			);
			mainGroup = BD4F0E941530D75E00573F67;
			productRefGroup = BD4F0EA01530D75E00573F67 /* Products */;
			projectDirPath = "";
			projectRoot = "";
			targets = (
				BD4F0E9E1530D75E00573F67 /* t3kno */,
			);
		};
/* End PBXProject section */

/* Begin PBXResourcesBuildPhase section */
		BD4F0E9D1530D75E00573F67 /* Resources */ = {
			isa = PBXResourcesBuildPhase;
			buildActionMask = 2147483647;
			files = (
				BD4F0EAE1530D75E00573F67 /* InfoPlist.strings in Resources */,
				BD4F0EBA1530D75F00573F67 /* CBHViewController_iPhone.xib in Resources */,
				BD4F0EBD1530D75F00573F67 /* CBHViewController_iPad.xib in Resources */,
				BD3D9FA41530F33A0025B9A3 /* logoWithText.png in Resources */,
				BD3D9FA61530F4010025B9A3 /* logoWithText_sm.png in Resources */,
			);
			runOnlyForDeploymentPostprocessing = 0;
		};
/* End PBXResourcesBuildPhase section */

/* Begin PBXSourcesBuildPhase section */
		BD4F0E9B1530D75E00573F67 /* Sources */ = {
			isa = PBXSourcesBuildPhase;
			buildActionMask = 2147483647;
			files = (
				BD4F0EB01530D75E00573F67 /* main.m in Sources */,
				BD4F0EB41530D75F00573F67 /* CBHAppDelegate.m in Sources */,
				BD4F0EB71530D75F00573F67 /* CBHViewController.m in Sources */,
			);
			runOnlyForDeploymentPostprocessing = 0;
		};
/* End PBXSourcesBuildPhase section */

/* Begin PBXVariantGroup section */
		BD4F0EAC1530D75E00573F67 /* InfoPlist.strings */ = {
			isa = PBXVariantGroup;
			children = (
				BD4F0EAD1530D75E00573F67 /* en */,
			);
			name = InfoPlist.strings;
			sourceTree = "<group>";
		};
		BD4F0EB81530D75F00573F67 /* CBHViewController_iPhone.xib */ = {
			isa = PBXVariantGroup;
			children = (
				BD4F0EB91530D75F00573F67 /* en */,
			);
			name = CBHViewController_iPhone.xib;
			sourceTree = "<group>";
		};
		BD4F0EBB1530D75F00573F67 /* CBHViewController_iPad.xib */ = {
			isa = PBXVariantGroup;
			children = (
				BD4F0EBC1530D75F00573F67 /* en */,
			);
			name = CBHViewController_iPad.xib;
			sourceTree = "<group>";
		};
/* End PBXVariantGroup section */

/* Begin XCBuildConfiguration section */
		BD4F0EBE1530D75F00573F67 /* Debug */ = {
			isa = XCBuildConfiguration;
			buildSettings = {
				ALWAYS_SEARCH_USER_PATHS = NO;
				ARCHS = "$(ARCHS_STANDARD_32_BIT)";
				"CODE_SIGN_IDENTITY[sdk=iphoneos*]" = "iPhone Developer";
				COPY_PHASE_STRIP = NO;
				GCC_C_LANGUAGE_STANDARD = gnu99;
				GCC_DYNAMIC_NO_PIC = NO;
				GCC_OPTIMIZATION_LEVEL = 0;
				GCC_PREPROCESSOR_DEFINITIONS = (
					"DEBUG=1",
					"$(inherited)",
				);
				GCC_SYMBOLS_PRIVATE_EXTERN = NO;
				GCC_VERSION = com.apple.compilers.llvm.clang.1_0;
				GCC_WARN_ABOUT_MISSING_PROTOTYPES = YES;
				GCC_WARN_ABOUT_RETURN_TYPE = YES;
				GCC_WARN_UNUSED_VARIABLE = YES;
				IPHONEOS_DEPLOYMENT_TARGET = 5.0;
				SDKROOT = iphoneos;
				TARGETED_DEVICE_FAMILY = "1,2";
			};
			name = Debug;
		};
		BD4F0EBF1530D75F00573F67 /* Release */ = {
			isa = XCBuildConfiguration;
			buildSettings = {
				ALWAYS_SEARCH_USER_PATHS = NO;
				ARCHS = "$(ARCHS_STANDARD_32_BIT)";
				"CODE_SIGN_IDENTITY[sdk=iphoneos*]" = "iPhone Developer";
				COPY_PHASE_STRIP = YES;
				GCC_C_LANGUAGE_STANDARD = gnu99;
				GCC_VERSION = com.apple.compilers.llvm.clang.1_0;
				GCC_WARN_ABOUT_MISSING_PROTOTYPES = YES;
				GCC_WARN_ABOUT_RETURN_TYPE = YES;
				GCC_WARN_UNUSED_VARIABLE = YES;
				IPHONEOS_DEPLOYMENT_TARGET = 5.0;
				OTHER_CFLAGS = "-DNS_BLOCK_ASSERTIONS=1";
				SDKROOT = iphoneos;
				TARGETED_DEVICE_FAMILY = "1,2";
				VALIDATE_PRODUCT = YES;
			};
			name = Release;
		};
		BD4F0EC11530D75F00573F67 /* Debug */ = {
			isa = XCBuildConfiguration;
			buildSettings = {
				GCC_PRECOMPILE_PREFIX_HEADER = YES;
				GCC_PREFIX_HEADER = "t3kno/t3kno-Prefix.pch";
				INFOPLIST_FILE = "t3kno/t3kno-Info.plist";
				PRODUCT_NAME = "$(TARGET_NAME)";
				WRAPPER_EXTENSION = app;
			};
			name = Debug;
		};
		BD4F0EC21530D75F00573F67 /* Release */ = {
			isa = XCBuildConfiguration;
			buildSettings = {
				GCC_PRECOMPILE_PREFIX_HEADER = YES;
				GCC_PREFIX_HEADER = "t3kno/t3kno-Prefix.pch";
				INFOPLIST_FILE = "t3kno/t3kno-Info.plist";
				PRODUCT_NAME = "$(TARGET_NAME)";
				WRAPPER_EXTENSION = app;
			};
			name = Release;
		};
/* End XCBuildConfiguration section */

/* Begin XCConfigurationList section */
		BD4F0E991530D75E00573F67 /* Build configuration list for PBXProject "t3kno" */ = {
			isa = XCConfigurationList;
			buildConfigurations = (
				BD4F0EBE1530D75F00573F67 /* Debug */,
				BD4F0EBF1530D75F00573F67 /* Release */,
			);
			defaultConfigurationIsVisible = 0;
			defaultConfigurationName = Release;
		};
		BD4F0EC01530D75F00573F67 /* Build configuration list for PBXNativeTarget "t3kno" */ = {
			isa = XCConfigurationList;
			buildConfigurations = (
				BD4F0EC11530D75F00573F67 /* Debug */,
				BD4F0EC21530D75F00573F67 /* Release */,
			);
			defaultConfigurationIsVisible = 0;
			defaultConfigurationName = Release;
		};
/* End XCConfigurationList section */
	};
	rootObject = BD4F0E961530D75E00573F67 /* Project object */;
}
